// !$*UTF8*$!
{
	archiveVersion = 1;
	classes = {
	};
	objectVersion = 56;
	objects = {

/* Begin PBXBuildFile section */
		042D168129EE2BC4003F7086 /* LandmarkList.swift in Sources */ = {isa = PBXBuildFile; fileRef = 042D168029EE2BC4003F7086 /* LandmarkList.swift */; };
		042D168329EE341C003F7086 /* LandmarkDetail.swift in Sources */ = {isa = PBXBuildFile; fileRef = 042D168229EE341C003F7086 /* LandmarkDetail.swift */; };
		045FD08329EE1FA000CEDC94 /* LandmarkRow.swift in Sources */ = {isa = PBXBuildFile; fileRef = 045FD08229EE1FA000CEDC94 /* LandmarkRow.swift */; };
		04D8A00F29ED68E200DB9B16 /* Risky_0706012110052_AFL3App.swift in Sources */ = {isa = PBXBuildFile; fileRef = 04D8A00E29ED68E200DB9B16 /* Risky_0706012110052_AFL3App.swift */; };
		04D8A01129ED68E200DB9B16 /* ContentView.swift in Sources */ = {isa = PBXBuildFile; fileRef = 04D8A01029ED68E200DB9B16 /* ContentView.swift */; };
		04D8A01329ED68E300DB9B16 /* Assets.xcassets in Resources */ = {isa = PBXBuildFile; fileRef = 04D8A01229ED68E300DB9B16 /* Assets.xcassets */; };
		04D8A01629ED68E300DB9B16 /* Preview Assets.xcassets in Resources */ = {isa = PBXBuildFile; fileRef = 04D8A01529ED68E300DB9B16 /* Preview Assets.xcassets */; };
		04D8A01D29ED69CA00DB9B16 /* CircleImage.swift in Sources */ = {isa = PBXBuildFile; fileRef = 04D8A01C29ED69CA00DB9B16 /* CircleImage.swift */; };
		04D8A01F29ED6A0C00DB9B16 /* MapView.swift in Sources */ = {isa = PBXBuildFile; fileRef = 04D8A01E29ED6A0C00DB9B16 /* MapView.swift */; };
		04D8A02329ED6ADC00DB9B16 /* Landmark.swift in Sources */ = {isa = PBXBuildFile; fileRef = 04D8A02229ED6ADC00DB9B16 /* Landmark.swift */; };
		04D8A02529ED6BAA00DB9B16 /* ModelData.swift in Sources */ = {isa = PBXBuildFile; fileRef = 04D8A02429ED6BAA00DB9B16 /* ModelData.swift */; };
		04F1525729F2544300007A2E /* landmarkData.json in Resources */ = {isa = PBXBuildFile; fileRef = 04D8A02929ED6C0000DB9B16 /* landmarkData.json */; };
/* End PBXBuildFile section */

/* Begin PBXFileReference section */
		042D168029EE2BC4003F7086 /* LandmarkList.swift */ = {isa = PBXFileReference; lastKnownFileType = sourcecode.swift; path = LandmarkList.swift; sourceTree = "<group>"; };
		042D168229EE341C003F7086 /* LandmarkDetail.swift */ = {isa = PBXFileReference; lastKnownFileType = sourcecode.swift; path = LandmarkDetail.swift; sourceTree = "<group>"; };
		045FD08229EE1FA000CEDC94 /* LandmarkRow.swift */ = {isa = PBXFileReference; lastKnownFileType = sourcecode.swift; path = LandmarkRow.swift; sourceTree = "<group>"; };
		04D8A00B29ED68E200DB9B16 /* Risky-0706012110052-AFL3.app */ = {isa = PBXFileReference; explicitFileType = wrapper.application; includeInIndex = 0; path = "Risky-0706012110052-AFL3.app"; sourceTree = BUILT_PRODUCTS_DIR; };
		04D8A00E29ED68E200DB9B16 /* Risky_0706012110052_AFL3App.swift */ = {isa = PBXFileReference; lastKnownFileType = sourcecode.swift; path = Risky_0706012110052_AFL3App.swift; sourceTree = "<group>"; };
		04D8A01029ED68E200DB9B16 /* ContentView.swift */ = {isa = PBXFileReference; lastKnownFileType = sourcecode.swift; path = ContentView.swift; sourceTree = "<group>"; };
		04D8A01229ED68E300DB9B16 /* Assets.xcassets */ = {isa = PBXFileReference; lastKnownFileType = folder.assetcatalog; path = Assets.xcassets; sourceTree = "<group>"; };
		04D8A01529ED68E300DB9B16 /* Preview Assets.xcassets */ = {isa = PBXFileReference; lastKnownFileType = folder.assetcatalog; path = "Preview Assets.xcassets"; sourceTree = "<group>"; };
		04D8A01C29ED69CA00DB9B16 /* CircleImage.swift */ = {isa = PBXFileReference; lastKnownFileType = sourcecode.swift; path = CircleImage.swift; sourceTree = "<group>"; };
		04D8A01E29ED6A0C00DB9B16 /* MapView.swift */ = {isa = PBXFileReference; lastKnownFileType = sourcecode.swift; path = MapView.swift; sourceTree = "<group>"; };
		04D8A02229ED6ADC00DB9B16 /* Landmark.swift */ = {isa = PBXFileReference; lastKnownFileType = sourcecode.swift; path = Landmark.swift; sourceTree = "<group>"; };
		04D8A02429ED6BAA00DB9B16 /* ModelData.swift */ = {isa = PBXFileReference; lastKnownFileType = sourcecode.swift; path = ModelData.swift; sourceTree = "<group>"; };
		04D8A02929ED6C0000DB9B16 /* landmarkData.json */ = {isa = PBXFileReference; lastKnownFileType = text.json; path = landmarkData.json; sourceTree = "<group>"; };
/* End PBXFileReference section */

/* Begin PBXFrameworksBuildPhase section */
		04D8A00829ED68E200DB9B16 /* Frameworks */ = {
			isa = PBXFrameworksBuildPhase;
			buildActionMask = 2147483647;
			files = (
			);
			runOnlyForDeploymentPostprocessing = 0;
		};
/* End PBXFrameworksBuildPhase section */

/* Begin PBXGroup section */
		04D8A00229ED68E200DB9B16 = {
			isa = PBXGroup;
			children = (
				04D8A00D29ED68E200DB9B16 /* Risky-0706012110052-AFL3 */,
				04D8A00C29ED68E200DB9B16 /* Products */,
			);
			sourceTree = "<group>";
		};
		04D8A00C29ED68E200DB9B16 /* Products */ = {
			isa = PBXGroup;
			children = (
				04D8A00B29ED68E200DB9B16 /* Risky-0706012110052-AFL3.app */,
			);
			name = Products;
			sourceTree = "<group>";
		};
		04D8A00D29ED68E200DB9B16 /* Risky-0706012110052-AFL3 */ = {
			isa = PBXGroup;
			children = (
				04D8A02629ED6BCF00DB9B16 /* Views */,
				04D8A02729ED6BD600DB9B16 /* Models */,
				04D8A02829ED6BF600DB9B16 /* Resources */,
				04D8A00E29ED68E200DB9B16 /* Risky_0706012110052_AFL3App.swift */,
				04D8A02229ED6ADC00DB9B16 /* Landmark.swift */,
				04D8A01229ED68E300DB9B16 /* Assets.xcassets */,
				04D8A01429ED68E300DB9B16 /* Preview Content */,
			);
			path = "Risky-0706012110052-AFL3";
			sourceTree = "<group>";
		};
		04D8A01429ED68E300DB9B16 /* Preview Content */ = {
			isa = PBXGroup;
			children = (
				04D8A01529ED68E300DB9B16 /* Preview Assets.xcassets */,
			);
			path = "Preview Content";
			sourceTree = "<group>";
		};
		04D8A02629ED6BCF00DB9B16 /* Views */ = {
			isa = PBXGroup;
			children = (
				04D8A01029ED68E200DB9B16 /* ContentView.swift */,
				04D8A01C29ED69CA00DB9B16 /* CircleImage.swift */,
				04D8A01E29ED6A0C00DB9B16 /* MapView.swift */,
				045FD08229EE1FA000CEDC94 /* LandmarkRow.swift */,
				042D168029EE2BC4003F7086 /* LandmarkList.swift */,
				042D168229EE341C003F7086 /* LandmarkDetail.swift */,
			);
			path = Views;
			sourceTree = "<group>";
		};
		04D8A02729ED6BD600DB9B16 /* Models */ = {
			isa = PBXGroup;
			children = (
				04D8A02429ED6BAA00DB9B16 /* ModelData.swift */,
			);
			path = Models;
			sourceTree = "<group>";
		};
		04D8A02829ED6BF600DB9B16 /* Resources */ = {
			isa = PBXGroup;
			children = (
				04D8A02929ED6C0000DB9B16 /* landmarkData.json */,
			);
			path = Resources;
			sourceTree = "<group>";
		};
/* End PBXGroup section */

/* Begin PBXNativeTarget section */
		04D8A00A29ED68E200DB9B16 /* Risky-0706012110052-AFL3 */ = {
			isa = PBXNativeTarget;
			buildConfigurationList = 04D8A01929ED68E300DB9B16 /* Build configuration list for PBXNativeTarget "Risky-0706012110052-AFL3" */;
			buildPhases = (
				04D8A00729ED68E200DB9B16 /* Sources */,
				04D8A00829ED68E200DB9B16 /* Frameworks */,
				04D8A00929ED68E200DB9B16 /* Resources */,
			);
			buildRules = (
			);
			dependencies = (
			);
			name = "Risky-0706012110052-AFL3";
			productName = "Risky-0706012110052-AFL3";
			productReference = 04D8A00B29ED68E200DB9B16 /* Risky-0706012110052-AFL3.app */;
			productType = "com.apple.product-type.application";
		};
/* End PBXNativeTarget section */

/* Begin PBXProject section */
		04D8A00329ED68E200DB9B16 /* Project object */ = {
			isa = PBXProject;
			attributes = {
				BuildIndependentTargetsInParallel = 1;
				LastSwiftUpdateCheck = 1420;
				LastUpgradeCheck = 1420;
				TargetAttributes = {
					04D8A00A29ED68E200DB9B16 = {
						CreatedOnToolsVersion = 14.2;
					};
				};
			};
			buildConfigurationList = 04D8A00629ED68E200DB9B16 /* Build configuration list for PBXProject "Risky-0706012110052-AFL3" */;
			compatibilityVersion = "Xcode 14.0";
			developmentRegion = en;
			hasScannedForEncodings = 0;
			knownRegions = (
				en,
				Base,
			);
			mainGroup = 04D8A00229ED68E200DB9B16;
			productRefGroup = 04D8A00C29ED68E200DB9B16 /* Products */;
			projectDirPath = "";
			projectRoot = "";
			targets = (
				04D8A00A29ED68E200DB9B16 /* Risky-0706012110052-AFL3 */,
			);
		};
/* End PBXProject section */

/* Begin PBXResourcesBuildPhase section */
		04D8A00929ED68E200DB9B16 /* Resources */ = {
			isa = PBXResourcesBuildPhase;
			buildActionMask = 2147483647;
			files = (
				04D8A01629ED68E300DB9B16 /* Preview Assets.xcassets in Resources */,
				04D8A01329ED68E300DB9B16 /* Assets.xcassets in Resources */,
				04F1525729F2544300007A2E /* landmarkData.json in Resources */,
			);
			runOnlyForDeploymentPostprocessing = 0;
		};
/* End PBXResourcesBuildPhase section */

/* Begin PBXSourcesBuildPhase section */
		04D8A00729ED68E200DB9B16 /* Sources */ = {
			isa = PBXSourcesBuildPhase;
			buildActionMask = 2147483647;
			files = (
				04D8A01129ED68E200DB9B16 /* ContentView.swift in Sources */,
				04D8A01F29ED6A0C00DB9B16 /* MapView.swift in Sources */,
				04D8A00F29ED68E200DB9B16 /* Risky_0706012110052_AFL3App.swift in Sources */,
				042D168129EE2BC4003F7086 /* LandmarkList.swift in Sources */,
				042D168329EE341C003F7086 /* LandmarkDetail.swift in Sources */,
				04D8A01D29ED69CA00DB9B16 /* CircleImage.swift in Sources */,
				04D8A02329ED6ADC00DB9B16 /* Landmark.swift in Sources */,
				045FD08329EE1FA000CEDC94 /* LandmarkRow.swift in Sources */,
				04D8A02529ED6BAA00DB9B16 /* ModelData.swift in Sources */,
			);
			runOnlyForDeploymentPostprocessing = 0;
		};
/* End PBXSourcesBuildPhase section */

/* Begin XCBuildConfiguration section */
		04D8A01729ED68E300DB9B16 /* Debug */ = {
			isa = XCBuildConfiguration;
			buildSettings = {
				ALWAYS_SEARCH_USER_PATHS = NO;
				CLANG_ANALYZER_NONNULL = YES;
				CLANG_ANALYZER_NUMBER_OBJECT_CONVERSION = YES_AGGRESSIVE;
				CLANG_CXX_LANGUAGE_STANDARD = "gnu++20";
				CLANG_ENABLE_MODULES = YES;
				CLANG_ENABLE_OBJC_ARC = YES;
				CLANG_ENABLE_OBJC_WEAK = YES;
				CLANG_WARN_BLOCK_CAPTURE_AUTORELEASING = YES;
				CLANG_WARN_BOOL_CONVERSION = YES;
				CLANG_WARN_COMMA = YES;
				CLANG_WARN_CONSTANT_CONVERSION = YES;
				CLANG_WARN_DEPRECATED_OBJC_IMPLEMENTATIONS = YES;
				CLANG_WARN_DIRECT_OBJC_ISA_USAGE = YES_ERROR;
				CLANG_WARN_DOCUMENTATION_COMMENTS = YES;
				CLANG_WARN_EMPTY_BODY = YES;
				CLANG_WARN_ENUM_CONVERSION = YES;
				CLANG_WARN_INFINITE_RECURSION = YES;
				CLANG_WARN_INT_CONVERSION = YES;
				CLANG_WARN_NON_LITERAL_NULL_CONVERSION = YES;
				CLANG_WARN_OBJC_IMPLICIT_RETAIN_SELF = YES;
				CLANG_WARN_OBJC_LITERAL_CONVERSION = YES;
				CLANG_WARN_OBJC_ROOT_CLASS = YES_ERROR;
				CLANG_WARN_QUOTED_INCLUDE_IN_FRAMEWORK_HEADER = YES;
				CLANG_WARN_RANGE_LOOP_ANALYSIS = YES;
				CLANG_WARN_STRICT_PROTOTYPES = YES;
				CLANG_WARN_SUSPICIOUS_MOVE = YES;
				CLANG_WARN_UNGUARDED_AVAILABILITY = YES_AGGRESSIVE;
				CLANG_WARN_UNREACHABLE_CODE = YES;
				CLANG_WARN__DUPLICATE_METHOD_MATCH = YES;
				COPY_PHASE_STRIP = NO;
				DEBUG_INFORMATION_FORMAT = dwarf;
				ENABLE_STRICT_OBJC_MSGSEND = YES;
				ENABLE_TESTABILITY = YES;
				GCC_C_LANGUAGE_STANDARD = gnu11;
				GCC_DYNAMIC_NO_PIC = NO;
				GCC_NO_COMMON_BLOCKS = YES;
				GCC_OPTIMIZATION_LEVEL = 0;
				GCC_PREPROCESSOR_DEFINITIONS = (
					"DEBUG=1",
					"$(inherited)",
				);
				GCC_WARN_64_TO_32_BIT_CONVERSION = YES;
				GCC_WARN_ABOUT_RETURN_TYPE = YES_ERROR;
				GCC_WARN_UNDECLARED_SELECTOR = YES;
				GCC_WARN_UNINITIALIZED_AUTOS = YES_AGGRESSIVE;
				GCC_WARN_UNUSED_FUNCTION = YES;
				GCC_WARN_UNUSED_VARIABLE = YES;
				IPHONEOS_DEPLOYMENT_TARGET = 16.2;
				MTL_ENABLE_DEBUG_INFO = INCLUDE_SOURCE;
				MTL_FAST_MATH = YES;
				ONLY_ACTIVE_ARCH = YES;
				SDKROOT = iphoneos;
				SWIFT_ACTIVE_COMPILATION_CONDITIONS = DEBUG;
				SWIFT_OPTIMIZATION_LEVEL = "-Onone";
			};
			name = Debug;
		};
		04D8A01829ED68E300DB9B16 /* Release */ = {
			isa = XCBuildConfiguration;
			buildSettings = {
				ALWAYS_SEARCH_USER_PATHS = NO;
				CLANG_ANALYZER_NONNULL = YES;
				CLANG_ANALYZER_NUMBER_OBJECT_CONVERSION = YES_AGGRESSIVE;
				CLANG_CXX_LANGUAGE_STANDARD = "gnu++20";
				CLANG_ENABLE_MODULES = YES;
				CLANG_ENABLE_OBJC_ARC = YES;
				CLANG_ENABLE_OBJC_WEAK = YES;
				CLANG_WARN_BLOCK_CAPTURE_AUTORELEASING = YES;
				CLANG_WARN_BOOL_CONVERSION = YES;
				CLANG_WARN_COMMA = YES;
				CLANG_WARN_CONSTANT_CONVERSION = YES;
				CLANG_WARN_DEPRECATED_OBJC_IMPLEMENTATIONS = YES;
				CLANG_WARN_DIRECT_OBJC_ISA_USAGE = YES_ERROR;
				CLANG_WARN_DOCUMENTATION_COMMENTS = YES;
				CLANG_WARN_EMPTY_BODY = YES;
				CLANG_WARN_ENUM_CONVERSION = YES;
				CLANG_WARN_INFINITE_RECURSION = YES;
				CLANG_WARN_INT_CONVERSION = YES;
				CLANG_WARN_NON_LITERAL_NULL_CONVERSION = YES;
				CLANG_WARN_OBJC_IMPLICIT_RETAIN_SELF = YES;
				CLANG_WARN_OBJC_LITERAL_CONVERSION = YES;
				CLANG_WARN_OBJC_ROOT_CLASS = YES_ERROR;
				CLANG_WARN_QUOTED_INCLUDE_IN_FRAMEWORK_HEADER = YES;
				CLANG_WARN_RANGE_LOOP_ANALYSIS = YES;
				CLANG_WARN_STRICT_PROTOTYPES = YES;
				CLANG_WARN_SUSPICIOUS_MOVE = YES;
				CLANG_WARN_UNGUARDED_AVAILABILITY = YES_AGGRESSIVE;
				CLANG_WARN_UNREACHABLE_CODE = YES;
				CLANG_WARN__DUPLICATE_METHOD_MATCH = YES;
				COPY_PHASE_STRIP = NO;
				DEBUG_INFORMATION_FORMAT = "dwarf-with-dsym";
				ENABLE_NS_ASSERTIONS = NO;
				ENABLE_STRICT_OBJC_MSGSEND = YES;
				GCC_C_LANGUAGE_STANDARD = gnu11;
				GCC_NO_COMMON_BLOCKS = YES;
				GCC_WARN_64_TO_32_BIT_CONVERSION = YES;
				GCC_WARN_ABOUT_RETURN_TYPE = YES_ERROR;
				GCC_WARN_UNDECLARED_SELECTOR = YES;
				GCC_WARN_UNINITIALIZED_AUTOS = YES_AGGRESSIVE;
				GCC_WARN_UNUSED_FUNCTION = YES;
				GCC_WARN_UNUSED_VARIABLE = YES;
				IPHONEOS_DEPLOYMENT_TARGET = 16.2;
				MTL_ENABLE_DEBUG_INFO = NO;
				MTL_FAST_MATH = YES;
				SDKROOT = iphoneos;
				SWIFT_COMPILATION_MODE = wholemodule;
				SWIFT_OPTIMIZATION_LEVEL = "-O";
				VALIDATE_PRODUCT = YES;
			};
			name = Release;
		};
		04D8A01A29ED68E300DB9B16 /* Debug */ = {
			isa = XCBuildConfiguration;
			buildSettings = {
				ASSETCATALOG_COMPILER_APPICON_NAME = AppIcon;
				ASSETCATALOG_COMPILER_GLOBAL_ACCENT_COLOR_NAME = AccentColor;
				CODE_SIGN_STYLE = Automatic;
				CURRENT_PROJECT_VERSION = 1;
				DEVELOPMENT_ASSET_PATHS = "\"Risky-0706012110052-AFL3/Preview Content\"";
				DEVELOPMENT_TEAM = U8X9Y7G7KR;
				ENABLE_PREVIEWS = YES;
				GENERATE_INFOPLIST_FILE = YES;
				INFOPLIST_KEY_UIApplicationSceneManifest_Generation = YES;
				INFOPLIST_KEY_UIApplicationSupportsIndirectInputEvents = YES;
				INFOPLIST_KEY_UILaunchScreen_Generation = YES;
				INFOPLIST_KEY_UISupportedInterfaceOrientations_iPad = "UIInterfaceOrientationPortrait UIInterfaceOrientationPortraitUpsideDown UIInterfaceOrientationLandscapeLeft UIInterfaceOrientationLandscapeRight";
				INFOPLIST_KEY_UISupportedInterfaceOrientations_iPhone = "UIInterfaceOrientationPortrait UIInterfaceOrientationLandscapeLeft UIInterfaceOrientationLandscapeRight";
				LD_RUNPATH_SEARCH_PATHS = (
					"$(inherited)",
					"@executable_path/Frameworks",
				);
				MARKETING_VERSION = 1.0;
				PRODUCT_BUNDLE_IDENTIFIER = "-.Risky-0706012110052-AFL3";
				PRODUCT_NAME = "$(TARGET_NAME)";
				SWIFT_EMIT_LOC_STRINGS = YES;
				SWIFT_VERSION = 5.0;
				TARGETED_DEVICE_FAMILY = "1,2";
			};
			name = Debug;
		};
		04D8A01B29ED68E300DB9B16 /* Release */ = {
			isa = XCBuildConfiguration;
			buildSettings = {
				ASSETCATALOG_COMPILER_APPICON_NAME = AppIcon;
				ASSETCATALOG_COMPILER_GLOBAL_ACCENT_COLOR_NAME = AccentColor;
				CODE_SIGN_STYLE = Automatic;
				CURRENT_PROJECT_VERSION = 1;
				DEVELOPMENT_ASSET_PATHS = "\"Risky-0706012110052-AFL3/Preview Content\"";
				DEVELOPMENT_TEAM = U8X9Y7G7KR;
				ENABLE_PREVIEWS = YES;
				GENERATE_INFOPLIST_FILE = YES;
				INFOPLIST_KEY_UIApplicationSceneManifest_Generation = YES;
				INFOPLIST_KEY_UIApplicationSupportsIndirectInputEvents = YES;
				INFOPLIST_KEY_UILaunchScreen_Generation = YES;
				INFOPLIST_KEY_UISupportedInterfaceOrientations_iPad = "UIInterfaceOrientationPortrait UIInterfaceOrientationPortraitUpsideDown UIInterfaceOrientationLandscapeLeft UIInterfaceOrientationLandscapeRight";
				INFOPLIST_KEY_UISupportedInterfaceOrientations_iPhone = "UIInterfaceOrientationPortrait UIInterfaceOrientationLandscapeLeft UIInterfaceOrientationLandscapeRight";
				LD_RUNPATH_SEARCH_PATHS = (
					"$(inherited)",
					"@executable_path/Frameworks",
				);
				MARKETING_VERSION = 1.0;
				PRODUCT_BUNDLE_IDENTIFIER = "-.Risky-0706012110052-AFL3";
				PRODUCT_NAME = "$(TARGET_NAME)";
				SWIFT_EMIT_LOC_STRINGS = YES;
				SWIFT_VERSION = 5.0;
				TARGETED_DEVICE_FAMILY = "1,2";
			};
			name = Release;
		};
/* End XCBuildConfiguration section */

/* Begin XCConfigurationList section */
		04D8A00629ED68E200DB9B16 /* Build configuration list for PBXProject "Risky-0706012110052-AFL3" */ = {
			isa = XCConfigurationList;
			buildConfigurations = (
				04D8A01729ED68E300DB9B16 /* Debug */,
				04D8A01829ED68E300DB9B16 /* Release */,
			);
			defaultConfigurationIsVisible = 0;
			defaultConfigurationName = Release;
		};
		04D8A01929ED68E300DB9B16 /* Build configuration list for PBXNativeTarget "Risky-0706012110052-AFL3" */ = {
			isa = XCConfigurationList;
			buildConfigurations = (
				04D8A01A29ED68E300DB9B16 /* Debug */,
				04D8A01B29ED68E300DB9B16 /* Release */,
			);
			defaultConfigurationIsVisible = 0;
			defaultConfigurationName = Release;
		};
/* End XCConfigurationList section */
	};
	rootObject = 04D8A00329ED68E200DB9B16 /* Project object */;
}
