// !$*UTF8*$!
{
	archiveVersion = 1;
	classes = {
	};
	objectVersion = 56;
	objects = {

/* Begin PBXBuildFile section */
		040051DE29F780B700EF2F49 /* PageViewController.swift in Sources */ = {isa = PBXBuildFile; fileRef = 040051DD29F780B700EF2F49 /* PageViewController.swift */; };
		040051E029F7839B00EF2F49 /* FeatureCard.swift in Sources */ = {isa = PBXBuildFile; fileRef = 040051DF29F7839B00EF2F49 /* FeatureCard.swift */; };
		040051E229F7848800EF2F49 /* PageView.swift in Sources */ = {isa = PBXBuildFile; fileRef = 040051E129F7848800EF2F49 /* PageView.swift */; };
		040051E429F7897D00EF2F49 /* PageControl.swift in Sources */ = {isa = PBXBuildFile; fileRef = 040051E329F7897D00EF2F49 /* PageControl.swift */; };
		0400525529F79BDD00EF2F49 /* WatchLandmarksApp.swift in Sources */ = {isa = PBXBuildFile; fileRef = 0400525429F79BDD00EF2F49 /* WatchLandmarksApp.swift */; };
		0400525729F79BDD00EF2F49 /* ContentView.swift in Sources */ = {isa = PBXBuildFile; fileRef = 0400525629F79BDD00EF2F49 /* ContentView.swift */; };
		0400525929F79BDF00EF2F49 /* Assets.xcassets in Resources */ = {isa = PBXBuildFile; fileRef = 0400525829F79BDF00EF2F49 /* Assets.xcassets */; };
		0400525C29F79BDF00EF2F49 /* Preview Assets.xcassets in Resources */ = {isa = PBXBuildFile; fileRef = 0400525B29F79BDF00EF2F49 /* Preview Assets.xcassets */; };
		0400527029F79F6F00EF2F49 /* LandmarkDetail.swift in Sources */ = {isa = PBXBuildFile; fileRef = 0400526F29F79F6F00EF2F49 /* LandmarkDetail.swift */; };
		0400528529F80F5300EF2F49 /* ModelData.swift in Sources */ = {isa = PBXBuildFile; fileRef = 04D8A02429ED6BAA00DB9B16 /* ModelData.swift */; };
		0400528629F80F6600EF2F49 /* Landmark.swift in Sources */ = {isa = PBXBuildFile; fileRef = 04D8A02229ED6ADC00DB9B16 /* Landmark.swift */; };
		0400528729F80F8400EF2F49 /* CircleImage.swift in Sources */ = {isa = PBXBuildFile; fileRef = 04D8A01C29ED69CA00DB9B16 /* CircleImage.swift */; };
		0400528829F80F8F00EF2F49 /* MapView.swift in Sources */ = {isa = PBXBuildFile; fileRef = 04D8A01E29ED6A0C00DB9B16 /* MapView.swift */; };
		0400528A29F80FE800EF2F49 /* Hike.swift in Sources */ = {isa = PBXBuildFile; fileRef = 043EA42C29F3C255002CB3C1 /* Hike.swift */; };
		0400528B29F8100100EF2F49 /* Profile.swift in Sources */ = {isa = PBXBuildFile; fileRef = 049B982B29F6BB2000244539 /* Profile.swift */; };
		0400528D29F813AC00EF2F49 /* LandmarkRow.swift in Sources */ = {isa = PBXBuildFile; fileRef = 045FD08229EE1FA000CEDC94 /* LandmarkRow.swift */; };
		0400528F29F8147500EF2F49 /* NotificationView.swift in Sources */ = {isa = PBXBuildFile; fileRef = 0400528E29F8147500EF2F49 /* NotificationView.swift */; };
		042D168129EE2BC4003F7086 /* LandmarkList.swift in Sources */ = {isa = PBXBuildFile; fileRef = 042D168029EE2BC4003F7086 /* LandmarkList.swift */; };
		042D168329EE341C003F7086 /* LandmarkDetail.swift in Sources */ = {isa = PBXBuildFile; fileRef = 042D168229EE341C003F7086 /* LandmarkDetail.swift */; };
		043EA42029F3B5FC002CB3C1 /* HexagonParameters.swift in Sources */ = {isa = PBXBuildFile; fileRef = 043EA41F29F3B5FC002CB3C1 /* HexagonParameters.swift */; };
		043EA42229F3B882002CB3C1 /* BadgeBackground.swift in Sources */ = {isa = PBXBuildFile; fileRef = 043EA42129F3B882002CB3C1 /* BadgeBackground.swift */; };
		043EA42429F3BFFD002CB3C1 /* BadgeSymbol.swift in Sources */ = {isa = PBXBuildFile; fileRef = 043EA42329F3BFFD002CB3C1 /* BadgeSymbol.swift */; };
		043EA42629F3C048002CB3C1 /* RotateBadgeSymbol.swift in Sources */ = {isa = PBXBuildFile; fileRef = 043EA42529F3C048002CB3C1 /* RotateBadgeSymbol.swift */; };
		043EA42829F3C070002CB3C1 /* Badge.swift in Sources */ = {isa = PBXBuildFile; fileRef = 043EA42729F3C070002CB3C1 /* Badge.swift */; };
		043EA42B29F3C230002CB3C1 /* hikeData.json in Resources */ = {isa = PBXBuildFile; fileRef = 043EA42A29F3C230002CB3C1 /* hikeData.json */; };
		043EA42D29F3C255002CB3C1 /* Hike.swift in Sources */ = {isa = PBXBuildFile; fileRef = 043EA42C29F3C255002CB3C1 /* Hike.swift */; };
		043EA45B29F3CEFB002CB3C1 /* GraphCapsule.swift in Sources */ = {isa = PBXBuildFile; fileRef = 043EA45A29F3CEFB002CB3C1 /* GraphCapsule.swift */; };
		043EA45D29F3CF45002CB3C1 /* HikeDetail.swift in Sources */ = {isa = PBXBuildFile; fileRef = 043EA45C29F3CF45002CB3C1 /* HikeDetail.swift */; };
		043EA45F29F3CF6E002CB3C1 /* HikeGraph.swift in Sources */ = {isa = PBXBuildFile; fileRef = 043EA45E29F3CF6E002CB3C1 /* HikeGraph.swift */; };
		043EA46129F3CF8E002CB3C1 /* HikeView.swift in Sources */ = {isa = PBXBuildFile; fileRef = 043EA46029F3CF8E002CB3C1 /* HikeView.swift */; };
		0440899F29F8EC190030B339 /* ContentView.swift in Sources */ = {isa = PBXBuildFile; fileRef = 0440899E29F8EC190030B339 /* ContentView.swift */; };
		044089A129F8EC1B0030B339 /* Assets.xcassets in Resources */ = {isa = PBXBuildFile; fileRef = 044089A029F8EC1B0030B339 /* Assets.xcassets */; };
		044089A429F8EC1B0030B339 /* Preview Assets.xcassets in Resources */ = {isa = PBXBuildFile; fileRef = 044089A329F8EC1B0030B339 /* Preview Assets.xcassets */; };
		044089A929F8ECA20030B339 /* MapView.swift in Sources */ = {isa = PBXBuildFile; fileRef = 04D8A01E29ED6A0C00DB9B16 /* MapView.swift */; };
		044089AA29F8ECA20030B339 /* ModelData.swift in Sources */ = {isa = PBXBuildFile; fileRef = 04D8A02429ED6BAA00DB9B16 /* ModelData.swift */; };
		044089AB29F8ECA20030B339 /* LandmarkRow.swift in Sources */ = {isa = PBXBuildFile; fileRef = 045FD08229EE1FA000CEDC94 /* LandmarkRow.swift */; };
		044089AC29F8ECA20030B339 /* FavoriteButton.swift in Sources */ = {isa = PBXBuildFile; fileRef = 04F1525829F2812000007A2E /* FavoriteButton.swift */; };
		044089AD29F8ECA20030B339 /* CircleImage.swift in Sources */ = {isa = PBXBuildFile; fileRef = 04D8A01C29ED69CA00DB9B16 /* CircleImage.swift */; };
		044089AE29F8ECA20030B339 /* Hike.swift in Sources */ = {isa = PBXBuildFile; fileRef = 043EA42C29F3C255002CB3C1 /* Hike.swift */; };
		044089AF29F8ECA20030B339 /* landmarkData.json in Resources */ = {isa = PBXBuildFile; fileRef = 04D8A02929ED6C0000DB9B16 /* landmarkData.json */; };
		044089B129F8ECA20030B339 /* hikeData.json in Resources */ = {isa = PBXBuildFile; fileRef = 043EA42A29F3C230002CB3C1 /* hikeData.json */; };
		044089B229F8ECA20030B339 /* Risky_0706012110052_AFL3App.swift in Sources */ = {isa = PBXBuildFile; fileRef = 04D8A00E29ED68E200DB9B16 /* Risky_0706012110052_AFL3App.swift */; };
		044089B329F8ECA20030B339 /* Landmark.swift in Sources */ = {isa = PBXBuildFile; fileRef = 04D8A02229ED6ADC00DB9B16 /* Landmark.swift */; };
		044089B429F8ECA20030B339 /* Assets.xcassets in Resources */ = {isa = PBXBuildFile; fileRef = 04D8A01229ED68E300DB9B16 /* Assets.xcassets */; };
		044089B529F8ECA20030B339 /* Profile.swift in Sources */ = {isa = PBXBuildFile; fileRef = 049B982B29F6BB2000244539 /* Profile.swift */; };
		044089B829F8F62E0030B339 /* LandmarkDetail.swift in Sources */ = {isa = PBXBuildFile; fileRef = 044089B729F8F62E0030B339 /* LandmarkDetail.swift */; };
		044089BD29F903AE0030B339 /* LandmarkList.swift in Sources */ = {isa = PBXBuildFile; fileRef = 044089B929F903610030B339 /* LandmarkList.swift */; };
		044089BE29F903B60030B339 /* LandmarkList.swift in Sources */ = {isa = PBXBuildFile; fileRef = 042D168029EE2BC4003F7086 /* LandmarkList.swift */; };
		045FD08329EE1FA000CEDC94 /* LandmarkRow.swift in Sources */ = {isa = PBXBuildFile; fileRef = 045FD08229EE1FA000CEDC94 /* LandmarkRow.swift */; };
		049B982429F68A5400244539 /* CategoryHome.swift in Sources */ = {isa = PBXBuildFile; fileRef = 049B982329F68A5400244539 /* CategoryHome.swift */; };
		049B982629F6990F00244539 /* CategoryRow.swift in Sources */ = {isa = PBXBuildFile; fileRef = 049B982529F6990F00244539 /* CategoryRow.swift */; };
		049B982829F6AFE700244539 /* CategoryItem.swift in Sources */ = {isa = PBXBuildFile; fileRef = 049B982729F6AFE700244539 /* CategoryItem.swift */; };
		049B982C29F6BB2000244539 /* Profile.swift in Sources */ = {isa = PBXBuildFile; fileRef = 049B982B29F6BB2000244539 /* Profile.swift */; };
		049B982E29F6BB6300244539 /* ProfileHost.swift in Sources */ = {isa = PBXBuildFile; fileRef = 049B982D29F6BB6300244539 /* ProfileHost.swift */; };
		049B983029F6BC0B00244539 /* ProfileSummary.swift in Sources */ = {isa = PBXBuildFile; fileRef = 049B982F29F6BC0B00244539 /* ProfileSummary.swift */; };
		049B983229F6BCB500244539 /* HikeBadge.swift in Sources */ = {isa = PBXBuildFile; fileRef = 049B983129F6BCB500244539 /* HikeBadge.swift */; };
		049B983429F6C43C00244539 /* ProfileEditor.swift in Sources */ = {isa = PBXBuildFile; fileRef = 049B983329F6C43C00244539 /* ProfileEditor.swift */; };
		04A8712B29F82195005CF192 /* NotificationController.swift in Sources */ = {isa = PBXBuildFile; fileRef = 0400529029F814C100EF2F49 /* NotificationController.swift */; };
		04A8712C29F821AC005CF192 /* PushNotificationPayload.apns in Resources */ = {isa = PBXBuildFile; fileRef = 0400529229F817A500EF2F49 /* PushNotificationPayload.apns */; };
		04D8A00F29ED68E200DB9B16 /* Risky_0706012110052_AFL3App.swift in Sources */ = {isa = PBXBuildFile; fileRef = 04D8A00E29ED68E200DB9B16 /* Risky_0706012110052_AFL3App.swift */; };
		04D8A01129ED68E200DB9B16 /* ContentView.swift in Sources */ = {isa = PBXBuildFile; fileRef = 04D8A01029ED68E200DB9B16 /* ContentView.swift */; };
		04D8A01329ED68E300DB9B16 /* Assets.xcassets in Resources */ = {isa = PBXBuildFile; fileRef = 04D8A01229ED68E300DB9B16 /* Assets.xcassets */; };
		04D8A01629ED68E300DB9B16 /* Preview Assets.xcassets in Resources */ = {isa = PBXBuildFile; fileRef = 04D8A01529ED68E300DB9B16 /* Preview Assets.xcassets */; };
		04D8A01D29ED69CA00DB9B16 /* CircleImage.swift in Sources */ = {isa = PBXBuildFile; fileRef = 04D8A01C29ED69CA00DB9B16 /* CircleImage.swift */; };
		04D8A01F29ED6A0C00DB9B16 /* MapView.swift in Sources */ = {isa = PBXBuildFile; fileRef = 04D8A01E29ED6A0C00DB9B16 /* MapView.swift */; };
		04D8A02329ED6ADC00DB9B16 /* Landmark.swift in Sources */ = {isa = PBXBuildFile; fileRef = 04D8A02229ED6ADC00DB9B16 /* Landmark.swift */; };
		04D8A02529ED6BAA00DB9B16 /* ModelData.swift in Sources */ = {isa = PBXBuildFile; fileRef = 04D8A02429ED6BAA00DB9B16 /* ModelData.swift */; };
		04F1525729F2544300007A2E /* landmarkData.json in Resources */ = {isa = PBXBuildFile; fileRef = 04D8A02929ED6C0000DB9B16 /* landmarkData.json */; };
		04F1525929F2812000007A2E /* FavoriteButton.swift in Sources */ = {isa = PBXBuildFile; fileRef = 04F1525829F2812000007A2E /* FavoriteButton.swift */; };
/* End PBXBuildFile section */

/* Begin PBXFileReference section */
		040051DD29F780B700EF2F49 /* PageViewController.swift */ = {isa = PBXFileReference; lastKnownFileType = sourcecode.swift; path = PageViewController.swift; sourceTree = "<group>"; };
		040051DF29F7839B00EF2F49 /* FeatureCard.swift */ = {isa = PBXFileReference; lastKnownFileType = sourcecode.swift; path = FeatureCard.swift; sourceTree = "<group>"; };
		040051E129F7848800EF2F49 /* PageView.swift */ = {isa = PBXFileReference; lastKnownFileType = sourcecode.swift; path = PageView.swift; sourceTree = "<group>"; };
		040051E329F7897D00EF2F49 /* PageControl.swift */ = {isa = PBXFileReference; lastKnownFileType = sourcecode.swift; path = PageControl.swift; sourceTree = "<group>"; };
		0400525229F79BDD00EF2F49 /* WatchLandmarks Watch App.app */ = {isa = PBXFileReference; explicitFileType = wrapper.application; includeInIndex = 0; path = "WatchLandmarks Watch App.app"; sourceTree = BUILT_PRODUCTS_DIR; };
		0400525429F79BDD00EF2F49 /* WatchLandmarksApp.swift */ = {isa = PBXFileReference; lastKnownFileType = sourcecode.swift; path = WatchLandmarksApp.swift; sourceTree = "<group>"; };
		0400525629F79BDD00EF2F49 /* ContentView.swift */ = {isa = PBXFileReference; lastKnownFileType = sourcecode.swift; path = ContentView.swift; sourceTree = "<group>"; };
		0400525829F79BDF00EF2F49 /* Assets.xcassets */ = {isa = PBXFileReference; lastKnownFileType = folder.assetcatalog; path = Assets.xcassets; sourceTree = "<group>"; };
		0400525B29F79BDF00EF2F49 /* Preview Assets.xcassets */ = {isa = PBXFileReference; lastKnownFileType = folder.assetcatalog; path = "Preview Assets.xcassets"; sourceTree = "<group>"; };
		0400526F29F79F6F00EF2F49 /* LandmarkDetail.swift */ = {isa = PBXFileReference; lastKnownFileType = sourcecode.swift; path = LandmarkDetail.swift; sourceTree = "<group>"; };
		0400528E29F8147500EF2F49 /* NotificationView.swift */ = {isa = PBXFileReference; lastKnownFileType = sourcecode.swift; path = NotificationView.swift; sourceTree = "<group>"; };
		0400529029F814C100EF2F49 /* NotificationController.swift */ = {isa = PBXFileReference; lastKnownFileType = sourcecode.swift; path = NotificationController.swift; sourceTree = "<group>"; };
		0400529229F817A500EF2F49 /* PushNotificationPayload.apns */ = {isa = PBXFileReference; lastKnownFileType = text; path = PushNotificationPayload.apns; sourceTree = "<group>"; };
		042D168029EE2BC4003F7086 /* LandmarkList.swift */ = {isa = PBXFileReference; lastKnownFileType = sourcecode.swift; path = LandmarkList.swift; sourceTree = "<group>"; };
		042D168229EE341C003F7086 /* LandmarkDetail.swift */ = {isa = PBXFileReference; lastKnownFileType = sourcecode.swift; path = LandmarkDetail.swift; sourceTree = "<group>"; };
		043EA41F29F3B5FC002CB3C1 /* HexagonParameters.swift */ = {isa = PBXFileReference; lastKnownFileType = sourcecode.swift; path = HexagonParameters.swift; sourceTree = "<group>"; };
		043EA42129F3B882002CB3C1 /* BadgeBackground.swift */ = {isa = PBXFileReference; lastKnownFileType = sourcecode.swift; path = BadgeBackground.swift; sourceTree = "<group>"; };
		043EA42329F3BFFD002CB3C1 /* BadgeSymbol.swift */ = {isa = PBXFileReference; lastKnownFileType = sourcecode.swift; path = BadgeSymbol.swift; sourceTree = "<group>"; };
		043EA42529F3C048002CB3C1 /* RotateBadgeSymbol.swift */ = {isa = PBXFileReference; lastKnownFileType = sourcecode.swift; path = RotateBadgeSymbol.swift; sourceTree = "<group>"; };
		043EA42729F3C070002CB3C1 /* Badge.swift */ = {isa = PBXFileReference; lastKnownFileType = sourcecode.swift; path = Badge.swift; sourceTree = "<group>"; };
		043EA42A29F3C230002CB3C1 /* hikeData.json */ = {isa = PBXFileReference; fileEncoding = 4; lastKnownFileType = text.json; name = hikeData.json; path = "../../../../../../Downloads/SwiftUi/AnimatingViewsAndTransitions copy/Resources/hikeData.json"; sourceTree = "<group>"; };
		043EA42C29F3C255002CB3C1 /* Hike.swift */ = {isa = PBXFileReference; lastKnownFileType = sourcecode.swift; path = Hike.swift; sourceTree = "<group>"; };
		043EA45A29F3CEFB002CB3C1 /* GraphCapsule.swift */ = {isa = PBXFileReference; lastKnownFileType = sourcecode.swift; path = GraphCapsule.swift; sourceTree = "<group>"; };
		043EA45C29F3CF45002CB3C1 /* HikeDetail.swift */ = {isa = PBXFileReference; lastKnownFileType = sourcecode.swift; path = HikeDetail.swift; sourceTree = "<group>"; };
		043EA45E29F3CF6E002CB3C1 /* HikeGraph.swift */ = {isa = PBXFileReference; lastKnownFileType = sourcecode.swift; path = HikeGraph.swift; sourceTree = "<group>"; };
		043EA46029F3CF8E002CB3C1 /* HikeView.swift */ = {isa = PBXFileReference; lastKnownFileType = sourcecode.swift; path = HikeView.swift; sourceTree = "<group>"; };
		0440899A29F8EC190030B339 /* MacLandmarks.app */ = {isa = PBXFileReference; explicitFileType = wrapper.application; includeInIndex = 0; path = MacLandmarks.app; sourceTree = BUILT_PRODUCTS_DIR; };
		0440899E29F8EC190030B339 /* ContentView.swift */ = {isa = PBXFileReference; lastKnownFileType = sourcecode.swift; path = ContentView.swift; sourceTree = "<group>"; };
		044089A029F8EC1B0030B339 /* Assets.xcassets */ = {isa = PBXFileReference; lastKnownFileType = folder.assetcatalog; path = Assets.xcassets; sourceTree = "<group>"; };
		044089A329F8EC1B0030B339 /* Preview Assets.xcassets */ = {isa = PBXFileReference; lastKnownFileType = folder.assetcatalog; path = "Preview Assets.xcassets"; sourceTree = "<group>"; };
		044089A529F8EC1B0030B339 /* MacLandmarks.entitlements */ = {isa = PBXFileReference; lastKnownFileType = text.plist.entitlements; path = MacLandmarks.entitlements; sourceTree = "<group>"; };
		044089B729F8F62E0030B339 /* LandmarkDetail.swift */ = {isa = PBXFileReference; lastKnownFileType = sourcecode.swift; path = LandmarkDetail.swift; sourceTree = "<group>"; };
		044089B929F903610030B339 /* LandmarkList.swift */ = {isa = PBXFileReference; lastKnownFileType = sourcecode.swift; path = LandmarkList.swift; sourceTree = "<group>"; };
		045FD08229EE1FA000CEDC94 /* LandmarkRow.swift */ = {isa = PBXFileReference; lastKnownFileType = sourcecode.swift; path = LandmarkRow.swift; sourceTree = "<group>"; };
		049B982329F68A5400244539 /* CategoryHome.swift */ = {isa = PBXFileReference; lastKnownFileType = sourcecode.swift; path = CategoryHome.swift; sourceTree = "<group>"; };
		049B982529F6990F00244539 /* CategoryRow.swift */ = {isa = PBXFileReference; lastKnownFileType = sourcecode.swift; path = CategoryRow.swift; sourceTree = "<group>"; };
		049B982729F6AFE700244539 /* CategoryItem.swift */ = {isa = PBXFileReference; lastKnownFileType = sourcecode.swift; path = CategoryItem.swift; sourceTree = "<group>"; };
		049B982B29F6BB2000244539 /* Profile.swift */ = {isa = PBXFileReference; lastKnownFileType = sourcecode.swift; path = Profile.swift; sourceTree = "<group>"; };
		049B982D29F6BB6300244539 /* ProfileHost.swift */ = {isa = PBXFileReference; lastKnownFileType = sourcecode.swift; path = ProfileHost.swift; sourceTree = "<group>"; };
		049B982F29F6BC0B00244539 /* ProfileSummary.swift */ = {isa = PBXFileReference; lastKnownFileType = sourcecode.swift; path = ProfileSummary.swift; sourceTree = "<group>"; };
		049B983129F6BCB500244539 /* HikeBadge.swift */ = {isa = PBXFileReference; lastKnownFileType = sourcecode.swift; path = HikeBadge.swift; sourceTree = "<group>"; };
		049B983329F6C43C00244539 /* ProfileEditor.swift */ = {isa = PBXFileReference; lastKnownFileType = sourcecode.swift; path = ProfileEditor.swift; sourceTree = "<group>"; };
		04D8A00B29ED68E200DB9B16 /* Risky-0706012110052-AFL3.app */ = {isa = PBXFileReference; explicitFileType = wrapper.application; includeInIndex = 0; path = "Risky-0706012110052-AFL3.app"; sourceTree = BUILT_PRODUCTS_DIR; };
		04D8A00E29ED68E200DB9B16 /* Risky_0706012110052_AFL3App.swift */ = {isa = PBXFileReference; lastKnownFileType = sourcecode.swift; path = Risky_0706012110052_AFL3App.swift; sourceTree = "<group>"; };
		04D8A01029ED68E200DB9B16 /* ContentView.swift */ = {isa = PBXFileReference; lastKnownFileType = sourcecode.swift; path = ContentView.swift; sourceTree = "<group>"; };
		04D8A01229ED68E300DB9B16 /* Assets.xcassets */ = {isa = PBXFileReference; lastKnownFileType = folder.assetcatalog; path = Assets.xcassets; sourceTree = "<group>"; };
		04D8A01529ED68E300DB9B16 /* Preview Assets.xcassets */ = {isa = PBXFileReference; lastKnownFileType = folder.assetcatalog; path = "Preview Assets.xcassets"; sourceTree = "<group>"; };
		04D8A01C29ED69CA00DB9B16 /* CircleImage.swift */ = {isa = PBXFileReference; lastKnownFileType = sourcecode.swift; path = CircleImage.swift; sourceTree = "<group>"; };
		04D8A01E29ED6A0C00DB9B16 /* MapView.swift */ = {isa = PBXFileReference; lastKnownFileType = sourcecode.swift; path = MapView.swift; sourceTree = "<group>"; };
		04D8A02229ED6ADC00DB9B16 /* Landmark.swift */ = {isa = PBXFileReference; lastKnownFileType = sourcecode.swift; path = Landmark.swift; sourceTree = "<group>"; };
		04D8A02429ED6BAA00DB9B16 /* ModelData.swift */ = {isa = PBXFileReference; lastKnownFileType = sourcecode.swift; path = ModelData.swift; sourceTree = "<group>"; };
		04D8A02929ED6C0000DB9B16 /* landmarkData.json */ = {isa = PBXFileReference; lastKnownFileType = text.json; path = landmarkData.json; sourceTree = "<group>"; };
		04F1525829F2812000007A2E /* FavoriteButton.swift */ = {isa = PBXFileReference; lastKnownFileType = sourcecode.swift; path = FavoriteButton.swift; sourceTree = "<group>"; };
/* End PBXFileReference section */

/* Begin PBXFrameworksBuildPhase section */
		0400524F29F79BDD00EF2F49 /* Frameworks */ = {
			isa = PBXFrameworksBuildPhase;
			buildActionMask = 2147483647;
			files = (
			);
			runOnlyForDeploymentPostprocessing = 0;
		};
		0440899729F8EC190030B339 /* Frameworks */ = {
			isa = PBXFrameworksBuildPhase;
			buildActionMask = 2147483647;
			files = (
			);
			runOnlyForDeploymentPostprocessing = 0;
		};
		04D8A00829ED68E200DB9B16 /* Frameworks */ = {
			isa = PBXFrameworksBuildPhase;
			buildActionMask = 2147483647;
			files = (
			);
			runOnlyForDeploymentPostprocessing = 0;
		};
/* End PBXFrameworksBuildPhase section */

/* Begin PBXGroup section */
		040051DC29F7808700EF2F49 /* PageView */ = {
			isa = PBXGroup;
			children = (
				040051DF29F7839B00EF2F49 /* FeatureCard.swift */,
				040051E129F7848800EF2F49 /* PageView.swift */,
				040051E329F7897D00EF2F49 /* PageControl.swift */,
				040051DD29F780B700EF2F49 /* PageViewController.swift */,
			);
			path = PageView;
			sourceTree = "<group>";
		};
		040051F729F78E2400EF2F49 /* Categories */ = {
			isa = PBXGroup;
			children = (
				049B982329F68A5400244539 /* CategoryHome.swift */,
				049B982529F6990F00244539 /* CategoryRow.swift */,
				049B982729F6AFE700244539 /* CategoryItem.swift */,
			);
			path = Categories;
			sourceTree = "<group>";
		};
		040051F829F78E9400EF2F49 /* Profiles */ = {
			isa = PBXGroup;
			children = (
				049B982D29F6BB6300244539 /* ProfileHost.swift */,
				049B982F29F6BC0B00244539 /* ProfileSummary.swift */,
				049B983329F6C43C00244539 /* ProfileEditor.swift */,
			);
			path = Profiles;
			sourceTree = "<group>";
		};
		0400525329F79BDD00EF2F49 /* WatchLandmarks Watch App */ = {
			isa = PBXGroup;
			children = (
				0400525429F79BDD00EF2F49 /* WatchLandmarksApp.swift */,
				0400525629F79BDD00EF2F49 /* ContentView.swift */,
				044089B929F903610030B339 /* LandmarkList.swift */,
				0400526F29F79F6F00EF2F49 /* LandmarkDetail.swift */,
				0400528E29F8147500EF2F49 /* NotificationView.swift */,
				0400525829F79BDF00EF2F49 /* Assets.xcassets */,
				0400525A29F79BDF00EF2F49 /* Preview Content */,
				0400529029F814C100EF2F49 /* NotificationController.swift */,
				0400529229F817A500EF2F49 /* PushNotificationPayload.apns */,
			);
			path = "WatchLandmarks Watch App";
			sourceTree = "<group>";
		};
		0400525A29F79BDF00EF2F49 /* Preview Content */ = {
			isa = PBXGroup;
			children = (
				0400525B29F79BDF00EF2F49 /* Preview Assets.xcassets */,
			);
			path = "Preview Content";
			sourceTree = "<group>";
		};
		043EA42929F3C19D002CB3C1 /* Badges */ = {
			isa = PBXGroup;
			children = (
				043EA42729F3C070002CB3C1 /* Badge.swift */,
				043EA41F29F3B5FC002CB3C1 /* HexagonParameters.swift */,
				043EA42329F3BFFD002CB3C1 /* BadgeSymbol.swift */,
				043EA42129F3B882002CB3C1 /* BadgeBackground.swift */,
				043EA42529F3C048002CB3C1 /* RotateBadgeSymbol.swift */,
			);
			path = Badges;
			sourceTree = "<group>";
		};
		043EA45129F3CE82002CB3C1 /* Hikes */ = {
			isa = PBXGroup;
			children = (
				043EA45A29F3CEFB002CB3C1 /* GraphCapsule.swift */,
				043EA45C29F3CF45002CB3C1 /* HikeDetail.swift */,
				043EA45E29F3CF6E002CB3C1 /* HikeGraph.swift */,
				043EA46029F3CF8E002CB3C1 /* HikeView.swift */,
				049B983129F6BCB500244539 /* HikeBadge.swift */,
			);
			path = Hikes;
			sourceTree = "<group>";
		};
		0440899B29F8EC190030B339 /* MacLandmarks */ = {
			isa = PBXGroup;
			children = (
				0440899E29F8EC190030B339 /* ContentView.swift */,
				044089B729F8F62E0030B339 /* LandmarkDetail.swift */,
				044089A029F8EC1B0030B339 /* Assets.xcassets */,
				044089A529F8EC1B0030B339 /* MacLandmarks.entitlements */,
				044089A229F8EC1B0030B339 /* Preview Content */,
			);
			path = MacLandmarks;
			sourceTree = "<group>";
		};
		044089A229F8EC1B0030B339 /* Preview Content */ = {
			isa = PBXGroup;
			children = (
				044089A329F8EC1B0030B339 /* Preview Assets.xcassets */,
			);
			path = "Preview Content";
			sourceTree = "<group>";
		};
		04D8A00229ED68E200DB9B16 = {
			isa = PBXGroup;
			children = (
				04D8A00D29ED68E200DB9B16 /* Risky-0706012110052-AFL3 */,
				0400525329F79BDD00EF2F49 /* WatchLandmarks Watch App */,
				0440899B29F8EC190030B339 /* MacLandmarks */,
				04D8A00C29ED68E200DB9B16 /* Products */,
			);
			sourceTree = "<group>";
		};
		04D8A00C29ED68E200DB9B16 /* Products */ = {
			isa = PBXGroup;
			children = (
				04D8A00B29ED68E200DB9B16 /* Risky-0706012110052-AFL3.app */,
				0400525229F79BDD00EF2F49 /* WatchLandmarks Watch App.app */,
				0440899A29F8EC190030B339 /* MacLandmarks.app */,
			);
			name = Products;
			sourceTree = "<group>";
		};
		04D8A00D29ED68E200DB9B16 /* Risky-0706012110052-AFL3 */ = {
			isa = PBXGroup;
			children = (
				04D8A00E29ED68E200DB9B16 /* Risky_0706012110052_AFL3App.swift */,
				04D8A02629ED6BCF00DB9B16 /* Views */,
				04D8A02729ED6BD600DB9B16 /* Models */,
				04D8A02829ED6BF600DB9B16 /* Resources */,
				04D8A01229ED68E300DB9B16 /* Assets.xcassets */,
				04D8A01429ED68E300DB9B16 /* Preview Content */,
			);
			path = "Risky-0706012110052-AFL3";
			sourceTree = "<group>";
		};
		04D8A01429ED68E300DB9B16 /* Preview Content */ = {
			isa = PBXGroup;
			children = (
				04D8A01529ED68E300DB9B16 /* Preview Assets.xcassets */,
			);
			path = "Preview Content";
			sourceTree = "<group>";
		};
		04D8A02629ED6BCF00DB9B16 /* Views */ = {
			isa = PBXGroup;
			children = (
				04D8A01029ED68E200DB9B16 /* ContentView.swift */,
				040051F729F78E2400EF2F49 /* Categories */,
				04F1525A29F2835300007A2E /* Landmarks */,
				040051DC29F7808700EF2F49 /* PageView */,
				040051F829F78E9400EF2F49 /* Profiles */,
				043EA42929F3C19D002CB3C1 /* Badges */,
				043EA45129F3CE82002CB3C1 /* Hikes */,
				04F1525B29F2836100007A2E /* Helpers */,
			);
			path = Views;
			sourceTree = "<group>";
		};
		04D8A02729ED6BD600DB9B16 /* Models */ = {
			isa = PBXGroup;
			children = (
				04D8A02429ED6BAA00DB9B16 /* ModelData.swift */,
				043EA42C29F3C255002CB3C1 /* Hike.swift */,
				04D8A02229ED6ADC00DB9B16 /* Landmark.swift */,
				049B982B29F6BB2000244539 /* Profile.swift */,
			);
			path = Models;
			sourceTree = "<group>";
		};
		04D8A02829ED6BF600DB9B16 /* Resources */ = {
			isa = PBXGroup;
			children = (
				043EA42A29F3C230002CB3C1 /* hikeData.json */,
				04D8A02929ED6C0000DB9B16 /* landmarkData.json */,
			);
			path = Resources;
			sourceTree = "<group>";
		};
		04F1525A29F2835300007A2E /* Landmarks */ = {
			isa = PBXGroup;
			children = (
				045FD08229EE1FA000CEDC94 /* LandmarkRow.swift */,
				042D168029EE2BC4003F7086 /* LandmarkList.swift */,
				042D168229EE341C003F7086 /* LandmarkDetail.swift */,
			);
			path = Landmarks;
			sourceTree = "<group>";
		};
		04F1525B29F2836100007A2E /* Helpers */ = {
			isa = PBXGroup;
			children = (
				04D8A01C29ED69CA00DB9B16 /* CircleImage.swift */,
				04D8A01E29ED6A0C00DB9B16 /* MapView.swift */,
				04F1525829F2812000007A2E /* FavoriteButton.swift */,
			);
			path = Helpers;
			sourceTree = "<group>";
		};
/* End PBXGroup section */

/* Begin PBXNativeTarget section */
		0400525129F79BDD00EF2F49 /* WatchLandmarks Watch App */ = {
			isa = PBXNativeTarget;
			buildConfigurationList = 0400525D29F79BDF00EF2F49 /* Build configuration list for PBXNativeTarget "WatchLandmarks Watch App" */;
			buildPhases = (
				0400524E29F79BDD00EF2F49 /* Sources */,
				0400524F29F79BDD00EF2F49 /* Frameworks */,
				0400525029F79BDD00EF2F49 /* Resources */,
			);
			buildRules = (
			);
			dependencies = (
			);
			name = "WatchLandmarks Watch App";
			productName = "WatchLandmarks Watch App";
			productReference = 0400525229F79BDD00EF2F49 /* WatchLandmarks Watch App.app */;
			productType = "com.apple.product-type.application";
		};
		0440899929F8EC190030B339 /* MacLandmarks */ = {
			isa = PBXNativeTarget;
			buildConfigurationList = 044089A829F8EC1B0030B339 /* Build configuration list for PBXNativeTarget "MacLandmarks" */;
			buildPhases = (
				0440899629F8EC190030B339 /* Sources */,
				0440899729F8EC190030B339 /* Frameworks */,
				0440899829F8EC190030B339 /* Resources */,
			);
			buildRules = (
			);
			dependencies = (
			);
			name = MacLandmarks;
			productName = MacLandmarks;
			productReference = 0440899A29F8EC190030B339 /* MacLandmarks.app */;
			productType = "com.apple.product-type.application";
		};
		04D8A00A29ED68E200DB9B16 /* Risky-0706012110052-AFL3 */ = {
			isa = PBXNativeTarget;
			buildConfigurationList = 04D8A01929ED68E300DB9B16 /* Build configuration list for PBXNativeTarget "Risky-0706012110052-AFL3" */;
			buildPhases = (
				04D8A00729ED68E200DB9B16 /* Sources */,
				04D8A00829ED68E200DB9B16 /* Frameworks */,
				04D8A00929ED68E200DB9B16 /* Resources */,
			);
			buildRules = (
			);
			dependencies = (
			);
			name = "Risky-0706012110052-AFL3";
			productName = "Risky-0706012110052-AFL3";
			productReference = 04D8A00B29ED68E200DB9B16 /* Risky-0706012110052-AFL3.app */;
			productType = "com.apple.product-type.application";
		};
/* End PBXNativeTarget section */

/* Begin PBXProject section */
		04D8A00329ED68E200DB9B16 /* Project object */ = {
			isa = PBXProject;
			attributes = {
				BuildIndependentTargetsInParallel = 1;
				LastSwiftUpdateCheck = 1420;
				LastUpgradeCheck = 1420;
				TargetAttributes = {
					0400525129F79BDD00EF2F49 = {
						CreatedOnToolsVersion = 14.2;
					};
					0440899929F8EC190030B339 = {
						CreatedOnToolsVersion = 14.2;
					};
					04D8A00A29ED68E200DB9B16 = {
						CreatedOnToolsVersion = 14.2;
					};
				};
			};
			buildConfigurationList = 04D8A00629ED68E200DB9B16 /* Build configuration list for PBXProject "Risky-0706012110052-AFL3" */;
			compatibilityVersion = "Xcode 14.0";
			developmentRegion = en;
			hasScannedForEncodings = 0;
			knownRegions = (
				en,
				Base,
			);
			mainGroup = 04D8A00229ED68E200DB9B16;
			productRefGroup = 04D8A00C29ED68E200DB9B16 /* Products */;
			projectDirPath = "";
			projectRoot = "";
			targets = (
				04D8A00A29ED68E200DB9B16 /* Risky-0706012110052-AFL3 */,
				0400525129F79BDD00EF2F49 /* WatchLandmarks Watch App */,
				0440899929F8EC190030B339 /* MacLandmarks */,
			);
		};
/* End PBXProject section */

/* Begin PBXResourcesBuildPhase section */
		0400525029F79BDD00EF2F49 /* Resources */ = {
			isa = PBXResourcesBuildPhase;
			buildActionMask = 2147483647;
			files = (
				0400525C29F79BDF00EF2F49 /* Preview Assets.xcassets in Resources */,
				0400525929F79BDF00EF2F49 /* Assets.xcassets in Resources */,
				04A8712C29F821AC005CF192 /* PushNotificationPayload.apns in Resources */,
			);
			runOnlyForDeploymentPostprocessing = 0;
		};
		0440899829F8EC190030B339 /* Resources */ = {
			isa = PBXResourcesBuildPhase;
			buildActionMask = 2147483647;
			files = (
				044089B129F8ECA20030B339 /* hikeData.json in Resources */,
				044089A429F8EC1B0030B339 /* Preview Assets.xcassets in Resources */,
				044089A129F8EC1B0030B339 /* Assets.xcassets in Resources */,
				044089AF29F8ECA20030B339 /* landmarkData.json in Resources */,
				044089B429F8ECA20030B339 /* Assets.xcassets in Resources */,
			);
			runOnlyForDeploymentPostprocessing = 0;
		};
		04D8A00929ED68E200DB9B16 /* Resources */ = {
			isa = PBXResourcesBuildPhase;
			buildActionMask = 2147483647;
			files = (
				043EA42B29F3C230002CB3C1 /* hikeData.json in Resources */,
				04D8A01629ED68E300DB9B16 /* Preview Assets.xcassets in Resources */,
				04D8A01329ED68E300DB9B16 /* Assets.xcassets in Resources */,
				04F1525729F2544300007A2E /* landmarkData.json in Resources */,
			);
			runOnlyForDeploymentPostprocessing = 0;
		};
/* End PBXResourcesBuildPhase section */

/* Begin PBXSourcesBuildPhase section */
		0400524E29F79BDD00EF2F49 /* Sources */ = {
			isa = PBXSourcesBuildPhase;
			buildActionMask = 2147483647;
			files = (
				0400528829F80F8F00EF2F49 /* MapView.swift in Sources */,
				0400525729F79BDD00EF2F49 /* ContentView.swift in Sources */,
				0400528529F80F5300EF2F49 /* ModelData.swift in Sources */,
				044089BD29F903AE0030B339 /* LandmarkList.swift in Sources */,
				0400527029F79F6F00EF2F49 /* LandmarkDetail.swift in Sources */,
				0400525529F79BDD00EF2F49 /* WatchLandmarksApp.swift in Sources */,
				0400528629F80F6600EF2F49 /* Landmark.swift in Sources */,
				0400528A29F80FE800EF2F49 /* Hike.swift in Sources */,
				0400528B29F8100100EF2F49 /* Profile.swift in Sources */,
				0400528D29F813AC00EF2F49 /* LandmarkRow.swift in Sources */,
				04A8712B29F82195005CF192 /* NotificationController.swift in Sources */,
				0400528729F80F8400EF2F49 /* CircleImage.swift in Sources */,
				0400528F29F8147500EF2F49 /* NotificationView.swift in Sources */,
			);
			runOnlyForDeploymentPostprocessing = 0;
		};
		0440899629F8EC190030B339 /* Sources */ = {
			isa = PBXSourcesBuildPhase;
			buildActionMask = 2147483647;
			files = (
				0440899F29F8EC190030B339 /* ContentView.swift in Sources */,
				044089A929F8ECA20030B339 /* MapView.swift in Sources */,
				044089AB29F8ECA20030B339 /* LandmarkRow.swift in Sources */,
				044089B229F8ECA20030B339 /* Risky_0706012110052_AFL3App.swift in Sources */,
				044089AE29F8ECA20030B339 /* Hike.swift in Sources */,
				044089B829F8F62E0030B339 /* LandmarkDetail.swift in Sources */,
				044089AC29F8ECA20030B339 /* FavoriteButton.swift in Sources */,
				044089BE29F903B60030B339 /* LandmarkList.swift in Sources */,
				044089AA29F8ECA20030B339 /* ModelData.swift in Sources */,
				044089B529F8ECA20030B339 /* Profile.swift in Sources */,
				044089AD29F8ECA20030B339 /* CircleImage.swift in Sources */,
				044089B329F8ECA20030B339 /* Landmark.swift in Sources */,
			);
			runOnlyForDeploymentPostprocessing = 0;
		};
		04D8A00729ED68E200DB9B16 /* Sources */ = {
			isa = PBXSourcesBuildPhase;
			buildActionMask = 2147483647;
			files = (
				049B982629F6990F00244539 /* CategoryRow.swift in Sources */,
				040051E229F7848800EF2F49 /* PageView.swift in Sources */,
				04D8A01129ED68E200DB9B16 /* ContentView.swift in Sources */,
				049B982429F68A5400244539 /* CategoryHome.swift in Sources */,
				043EA42829F3C070002CB3C1 /* Badge.swift in Sources */,
				04D8A01F29ED6A0C00DB9B16 /* MapView.swift in Sources */,
				049B982E29F6BB6300244539 /* ProfileHost.swift in Sources */,
				049B983229F6BCB500244539 /* HikeBadge.swift in Sources */,
				040051E429F7897D00EF2F49 /* PageControl.swift in Sources */,
				043EA45B29F3CEFB002CB3C1 /* GraphCapsule.swift in Sources */,
				043EA45F29F3CF6E002CB3C1 /* HikeGraph.swift in Sources */,
				043EA42629F3C048002CB3C1 /* RotateBadgeSymbol.swift in Sources */,
				040051E029F7839B00EF2F49 /* FeatureCard.swift in Sources */,
				04D8A00F29ED68E200DB9B16 /* Risky_0706012110052_AFL3App.swift in Sources */,
				049B982829F6AFE700244539 /* CategoryItem.swift in Sources */,
				049B983029F6BC0B00244539 /* ProfileSummary.swift in Sources */,
				049B983429F6C43C00244539 /* ProfileEditor.swift in Sources */,
				04F1525929F2812000007A2E /* FavoriteButton.swift in Sources */,
				043EA42D29F3C255002CB3C1 /* Hike.swift in Sources */,
				043EA42029F3B5FC002CB3C1 /* HexagonParameters.swift in Sources */,
				043EA42429F3BFFD002CB3C1 /* BadgeSymbol.swift in Sources */,
				042D168129EE2BC4003F7086 /* LandmarkList.swift in Sources */,
				049B982C29F6BB2000244539 /* Profile.swift in Sources */,
				040051DE29F780B700EF2F49 /* PageViewController.swift in Sources */,
				043EA45D29F3CF45002CB3C1 /* HikeDetail.swift in Sources */,
				043EA46129F3CF8E002CB3C1 /* HikeView.swift in Sources */,
				042D168329EE341C003F7086 /* LandmarkDetail.swift in Sources */,
				043EA42229F3B882002CB3C1 /* BadgeBackground.swift in Sources */,
				04D8A01D29ED69CA00DB9B16 /* CircleImage.swift in Sources */,
				04D8A02329ED6ADC00DB9B16 /* Landmark.swift in Sources */,
				045FD08329EE1FA000CEDC94 /* LandmarkRow.swift in Sources */,
				04D8A02529ED6BAA00DB9B16 /* ModelData.swift in Sources */,
			);
			runOnlyForDeploymentPostprocessing = 0;
		};
/* End PBXSourcesBuildPhase section */

/* Begin XCBuildConfiguration section */
		0400525E29F79BDF00EF2F49 /* Debug */ = {
			isa = XCBuildConfiguration;
			buildSettings = {
				ASSETCATALOG_COMPILER_APPICON_NAME = AppIcon;
				ASSETCATALOG_COMPILER_GLOBAL_ACCENT_COLOR_NAME = AccentColor;
				CODE_SIGN_STYLE = Automatic;
				CURRENT_PROJECT_VERSION = 1;
				DEVELOPMENT_ASSET_PATHS = "\"WatchLandmarks Watch App/Preview Content\"";
				DEVELOPMENT_TEAM = U8X9Y7G7KR;
				ENABLE_PREVIEWS = YES;
				GENERATE_INFOPLIST_FILE = YES;
				INFOPLIST_KEY_CFBundleDisplayName = WatchLandmarks;
				INFOPLIST_KEY_UISupportedInterfaceOrientations = "UIInterfaceOrientationPortrait UIInterfaceOrientationPortraitUpsideDown";
				INFOPLIST_KEY_WKCompanionAppBundleIdentifier = "";
				LD_RUNPATH_SEARCH_PATHS = (
					"$(inherited)",
					"@executable_path/Frameworks",
				);
				MARKETING_VERSION = 1.0;
				PRODUCT_BUNDLE_IDENTIFIER = .watchkitapp;
				PRODUCT_NAME = "$(TARGET_NAME)";
				SDKROOT = watchos;
				SKIP_INSTALL = YES;
				SWIFT_EMIT_LOC_STRINGS = YES;
				SWIFT_VERSION = 5.0;
				TARGETED_DEVICE_FAMILY = 4;
				WATCHOS_DEPLOYMENT_TARGET = 9.1;
			};
			name = Debug;
		};
		0400525F29F79BDF00EF2F49 /* Release */ = {
			isa = XCBuildConfiguration;
			buildSettings = {
				ASSETCATALOG_COMPILER_APPICON_NAME = AppIcon;
				ASSETCATALOG_COMPILER_GLOBAL_ACCENT_COLOR_NAME = AccentColor;
				CODE_SIGN_STYLE = Automatic;
				CURRENT_PROJECT_VERSION = 1;
				DEVELOPMENT_ASSET_PATHS = "\"WatchLandmarks Watch App/Preview Content\"";
				DEVELOPMENT_TEAM = U8X9Y7G7KR;
				ENABLE_PREVIEWS = YES;
				GENERATE_INFOPLIST_FILE = YES;
				INFOPLIST_KEY_CFBundleDisplayName = WatchLandmarks;
				INFOPLIST_KEY_UISupportedInterfaceOrientations = "UIInterfaceOrientationPortrait UIInterfaceOrientationPortraitUpsideDown";
				INFOPLIST_KEY_WKCompanionAppBundleIdentifier = "";
				LD_RUNPATH_SEARCH_PATHS = (
					"$(inherited)",
					"@executable_path/Frameworks",
				);
				MARKETING_VERSION = 1.0;
				PRODUCT_BUNDLE_IDENTIFIER = .watchkitapp;
				PRODUCT_NAME = "$(TARGET_NAME)";
				SDKROOT = watchos;
				SKIP_INSTALL = YES;
				SWIFT_EMIT_LOC_STRINGS = YES;
				SWIFT_VERSION = 5.0;
				TARGETED_DEVICE_FAMILY = 4;
				WATCHOS_DEPLOYMENT_TARGET = 9.1;
			};
			name = Release;
		};
		044089A629F8EC1B0030B339 /* Debug */ = {
			isa = XCBuildConfiguration;
			buildSettings = {
				ASSETCATALOG_COMPILER_APPICON_NAME = AppIcon;
				ASSETCATALOG_COMPILER_GLOBAL_ACCENT_COLOR_NAME = AccentColor;
				CODE_SIGN_ENTITLEMENTS = MacLandmarks/MacLandmarks.entitlements;
				CODE_SIGN_STYLE = Automatic;
				COMBINE_HIDPI_IMAGES = YES;
				CURRENT_PROJECT_VERSION = 1;
				DEVELOPMENT_ASSET_PATHS = "\"MacLandmarks/Preview Content\"";
				DEVELOPMENT_TEAM = U8X9Y7G7KR;
				ENABLE_HARDENED_RUNTIME = YES;
				ENABLE_PREVIEWS = YES;
				GENERATE_INFOPLIST_FILE = YES;
				INFOPLIST_KEY_NSHumanReadableCopyright = "";
				LD_RUNPATH_SEARCH_PATHS = (
					"$(inherited)",
					"@executable_path/../Frameworks",
				);
				MACOSX_DEPLOYMENT_TARGET = 13.1;
				MARKETING_VERSION = 1.0;
				PRODUCT_BUNDLE_IDENTIFIER = "-.MacLandmarks";
				PRODUCT_NAME = "$(TARGET_NAME)";
				SDKROOT = macosx;
				SWIFT_EMIT_LOC_STRINGS = YES;
				SWIFT_VERSION = 5.0;
			};
			name = Debug;
		};
		044089A729F8EC1B0030B339 /* Release */ = {
			isa = XCBuildConfiguration;
			buildSettings = {
				ASSETCATALOG_COMPILER_APPICON_NAME = AppIcon;
				ASSETCATALOG_COMPILER_GLOBAL_ACCENT_COLOR_NAME = AccentColor;
				CODE_SIGN_ENTITLEMENTS = MacLandmarks/MacLandmarks.entitlements;
				CODE_SIGN_STYLE = Automatic;
				COMBINE_HIDPI_IMAGES = YES;
				CURRENT_PROJECT_VERSION = 1;
				DEVELOPMENT_ASSET_PATHS = "\"MacLandmarks/Preview Content\"";
				DEVELOPMENT_TEAM = U8X9Y7G7KR;
				ENABLE_HARDENED_RUNTIME = YES;
				ENABLE_PREVIEWS = YES;
				GENERATE_INFOPLIST_FILE = YES;
				INFOPLIST_KEY_NSHumanReadableCopyright = "";
				LD_RUNPATH_SEARCH_PATHS = (
					"$(inherited)",
					"@executable_path/../Frameworks",
				);
				MACOSX_DEPLOYMENT_TARGET = 13.1;
				MARKETING_VERSION = 1.0;
				PRODUCT_BUNDLE_IDENTIFIER = "-.MacLandmarks";
				PRODUCT_NAME = "$(TARGET_NAME)";
				SDKROOT = macosx;
				SWIFT_EMIT_LOC_STRINGS = YES;
				SWIFT_VERSION = 5.0;
			};
			name = Release;
		};
		04D8A01729ED68E300DB9B16 /* Debug */ = {
			isa = XCBuildConfiguration;
			buildSettings = {
				ALWAYS_SEARCH_USER_PATHS = NO;
				CLANG_ANALYZER_NONNULL = YES;
				CLANG_ANALYZER_NUMBER_OBJECT_CONVERSION = YES_AGGRESSIVE;
				CLANG_CXX_LANGUAGE_STANDARD = "gnu++20";
				CLANG_ENABLE_MODULES = YES;
				CLANG_ENABLE_OBJC_ARC = YES;
				CLANG_ENABLE_OBJC_WEAK = YES;
				CLANG_WARN_BLOCK_CAPTURE_AUTORELEASING = YES;
				CLANG_WARN_BOOL_CONVERSION = YES;
				CLANG_WARN_COMMA = YES;
				CLANG_WARN_CONSTANT_CONVERSION = YES;
				CLANG_WARN_DEPRECATED_OBJC_IMPLEMENTATIONS = YES;
				CLANG_WARN_DIRECT_OBJC_ISA_USAGE = YES_ERROR;
				CLANG_WARN_DOCUMENTATION_COMMENTS = YES;
				CLANG_WARN_EMPTY_BODY = YES;
				CLANG_WARN_ENUM_CONVERSION = YES;
				CLANG_WARN_INFINITE_RECURSION = YES;
				CLANG_WARN_INT_CONVERSION = YES;
				CLANG_WARN_NON_LITERAL_NULL_CONVERSION = YES;
				CLANG_WARN_OBJC_IMPLICIT_RETAIN_SELF = YES;
				CLANG_WARN_OBJC_LITERAL_CONVERSION = YES;
				CLANG_WARN_OBJC_ROOT_CLASS = YES_ERROR;
				CLANG_WARN_QUOTED_INCLUDE_IN_FRAMEWORK_HEADER = YES;
				CLANG_WARN_RANGE_LOOP_ANALYSIS = YES;
				CLANG_WARN_STRICT_PROTOTYPES = YES;
				CLANG_WARN_SUSPICIOUS_MOVE = YES;
				CLANG_WARN_UNGUARDED_AVAILABILITY = YES_AGGRESSIVE;
				CLANG_WARN_UNREACHABLE_CODE = YES;
				CLANG_WARN__DUPLICATE_METHOD_MATCH = YES;
				COPY_PHASE_STRIP = NO;
				DEBUG_INFORMATION_FORMAT = dwarf;
				ENABLE_STRICT_OBJC_MSGSEND = YES;
				ENABLE_TESTABILITY = YES;
				GCC_C_LANGUAGE_STANDARD = gnu11;
				GCC_DYNAMIC_NO_PIC = NO;
				GCC_NO_COMMON_BLOCKS = YES;
				GCC_OPTIMIZATION_LEVEL = 0;
				GCC_PREPROCESSOR_DEFINITIONS = (
					"DEBUG=1",
					"$(inherited)",
				);
				GCC_WARN_64_TO_32_BIT_CONVERSION = YES;
				GCC_WARN_ABOUT_RETURN_TYPE = YES_ERROR;
				GCC_WARN_UNDECLARED_SELECTOR = YES;
				GCC_WARN_UNINITIALIZED_AUTOS = YES_AGGRESSIVE;
				GCC_WARN_UNUSED_FUNCTION = YES;
				GCC_WARN_UNUSED_VARIABLE = YES;
				IPHONEOS_DEPLOYMENT_TARGET = 16.2;
				MTL_ENABLE_DEBUG_INFO = INCLUDE_SOURCE;
				MTL_FAST_MATH = YES;
				ONLY_ACTIVE_ARCH = YES;
				SDKROOT = iphoneos;
				SWIFT_ACTIVE_COMPILATION_CONDITIONS = DEBUG;
				SWIFT_OPTIMIZATION_LEVEL = "-Onone";
			};
			name = Debug;
		};
		04D8A01829ED68E300DB9B16 /* Release */ = {
			isa = XCBuildConfiguration;
			buildSettings = {
				ALWAYS_SEARCH_USER_PATHS = NO;
				CLANG_ANALYZER_NONNULL = YES;
				CLANG_ANALYZER_NUMBER_OBJECT_CONVERSION = YES_AGGRESSIVE;
				CLANG_CXX_LANGUAGE_STANDARD = "gnu++20";
				CLANG_ENABLE_MODULES = YES;
				CLANG_ENABLE_OBJC_ARC = YES;
				CLANG_ENABLE_OBJC_WEAK = YES;
				CLANG_WARN_BLOCK_CAPTURE_AUTORELEASING = YES;
				CLANG_WARN_BOOL_CONVERSION = YES;
				CLANG_WARN_COMMA = YES;
				CLANG_WARN_CONSTANT_CONVERSION = YES;
				CLANG_WARN_DEPRECATED_OBJC_IMPLEMENTATIONS = YES;
				CLANG_WARN_DIRECT_OBJC_ISA_USAGE = YES_ERROR;
				CLANG_WARN_DOCUMENTATION_COMMENTS = YES;
				CLANG_WARN_EMPTY_BODY = YES;
				CLANG_WARN_ENUM_CONVERSION = YES;
				CLANG_WARN_INFINITE_RECURSION = YES;
				CLANG_WARN_INT_CONVERSION = YES;
				CLANG_WARN_NON_LITERAL_NULL_CONVERSION = YES;
				CLANG_WARN_OBJC_IMPLICIT_RETAIN_SELF = YES;
				CLANG_WARN_OBJC_LITERAL_CONVERSION = YES;
				CLANG_WARN_OBJC_ROOT_CLASS = YES_ERROR;
				CLANG_WARN_QUOTED_INCLUDE_IN_FRAMEWORK_HEADER = YES;
				CLANG_WARN_RANGE_LOOP_ANALYSIS = YES;
				CLANG_WARN_STRICT_PROTOTYPES = YES;
				CLANG_WARN_SUSPICIOUS_MOVE = YES;
				CLANG_WARN_UNGUARDED_AVAILABILITY = YES_AGGRESSIVE;
				CLANG_WARN_UNREACHABLE_CODE = YES;
				CLANG_WARN__DUPLICATE_METHOD_MATCH = YES;
				COPY_PHASE_STRIP = NO;
				DEBUG_INFORMATION_FORMAT = "dwarf-with-dsym";
				ENABLE_NS_ASSERTIONS = NO;
				ENABLE_STRICT_OBJC_MSGSEND = YES;
				GCC_C_LANGUAGE_STANDARD = gnu11;
				GCC_NO_COMMON_BLOCKS = YES;
				GCC_WARN_64_TO_32_BIT_CONVERSION = YES;
				GCC_WARN_ABOUT_RETURN_TYPE = YES_ERROR;
				GCC_WARN_UNDECLARED_SELECTOR = YES;
				GCC_WARN_UNINITIALIZED_AUTOS = YES_AGGRESSIVE;
				GCC_WARN_UNUSED_FUNCTION = YES;
				GCC_WARN_UNUSED_VARIABLE = YES;
				IPHONEOS_DEPLOYMENT_TARGET = 16.2;
				MTL_ENABLE_DEBUG_INFO = NO;
				MTL_FAST_MATH = YES;
				SDKROOT = iphoneos;
				SWIFT_COMPILATION_MODE = wholemodule;
				SWIFT_OPTIMIZATION_LEVEL = "-O";
				VALIDATE_PRODUCT = YES;
			};
			name = Release;
		};
		04D8A01A29ED68E300DB9B16 /* Debug */ = {
			isa = XCBuildConfiguration;
			buildSettings = {
				ASSETCATALOG_COMPILER_APPICON_NAME = AppIcon;
				ASSETCATALOG_COMPILER_GLOBAL_ACCENT_COLOR_NAME = AccentColor;
				CODE_SIGN_STYLE = Automatic;
				CURRENT_PROJECT_VERSION = 1;
				DEVELOPMENT_ASSET_PATHS = "\"Risky-0706012110052-AFL3/Preview Content\"";
				DEVELOPMENT_TEAM = U8X9Y7G7KR;
				ENABLE_PREVIEWS = YES;
				GENERATE_INFOPLIST_FILE = YES;
				INFOPLIST_KEY_UIApplicationSceneManifest_Generation = YES;
				INFOPLIST_KEY_UIApplicationSupportsIndirectInputEvents = YES;
				INFOPLIST_KEY_UILaunchScreen_Generation = YES;
				INFOPLIST_KEY_UISupportedInterfaceOrientations_iPad = "UIInterfaceOrientationPortrait UIInterfaceOrientationPortraitUpsideDown UIInterfaceOrientationLandscapeLeft UIInterfaceOrientationLandscapeRight";
				INFOPLIST_KEY_UISupportedInterfaceOrientations_iPhone = "UIInterfaceOrientationPortrait UIInterfaceOrientationLandscapeLeft UIInterfaceOrientationLandscapeRight";
				LD_RUNPATH_SEARCH_PATHS = (
					"$(inherited)",
					"@executable_path/Frameworks",
				);
				MARKETING_VERSION = 1.0;
				PRODUCT_BUNDLE_IDENTIFIER = "-.Risky-0706012110052-AFL3";
				PRODUCT_NAME = "$(TARGET_NAME)";
				SWIFT_EMIT_LOC_STRINGS = YES;
				SWIFT_VERSION = 5.0;
				TARGETED_DEVICE_FAMILY = "1,2";
			};
			name = Debug;
		};
		04D8A01B29ED68E300DB9B16 /* Release */ = {
			isa = XCBuildConfiguration;
			buildSettings = {
				ASSETCATALOG_COMPILER_APPICON_NAME = AppIcon;
				ASSETCATALOG_COMPILER_GLOBAL_ACCENT_COLOR_NAME = AccentColor;
				CODE_SIGN_STYLE = Automatic;
				CURRENT_PROJECT_VERSION = 1;
				DEVELOPMENT_ASSET_PATHS = "\"Risky-0706012110052-AFL3/Preview Content\"";
				DEVELOPMENT_TEAM = U8X9Y7G7KR;
				ENABLE_PREVIEWS = YES;
				GENERATE_INFOPLIST_FILE = YES;
				INFOPLIST_KEY_UIApplicationSceneManifest_Generation = YES;
				INFOPLIST_KEY_UIApplicationSupportsIndirectInputEvents = YES;
				INFOPLIST_KEY_UILaunchScreen_Generation = YES;
				INFOPLIST_KEY_UISupportedInterfaceOrientations_iPad = "UIInterfaceOrientationPortrait UIInterfaceOrientationPortraitUpsideDown UIInterfaceOrientationLandscapeLeft UIInterfaceOrientationLandscapeRight";
				INFOPLIST_KEY_UISupportedInterfaceOrientations_iPhone = "UIInterfaceOrientationPortrait UIInterfaceOrientationLandscapeLeft UIInterfaceOrientationLandscapeRight";
				LD_RUNPATH_SEARCH_PATHS = (
					"$(inherited)",
					"@executable_path/Frameworks",
				);
				MARKETING_VERSION = 1.0;
				PRODUCT_BUNDLE_IDENTIFIER = "-.Risky-0706012110052-AFL3";
				PRODUCT_NAME = "$(TARGET_NAME)";
				SWIFT_EMIT_LOC_STRINGS = YES;
				SWIFT_VERSION = 5.0;
				TARGETED_DEVICE_FAMILY = "1,2";
			};
			name = Release;
		};
/* End XCBuildConfiguration section */

/* Begin XCConfigurationList section */
		0400525D29F79BDF00EF2F49 /* Build configuration list for PBXNativeTarget "WatchLandmarks Watch App" */ = {
			isa = XCConfigurationList;
			buildConfigurations = (
				0400525E29F79BDF00EF2F49 /* Debug */,
				0400525F29F79BDF00EF2F49 /* Release */,
			);
			defaultConfigurationIsVisible = 0;
			defaultConfigurationName = Release;
		};
		044089A829F8EC1B0030B339 /* Build configuration list for PBXNativeTarget "MacLandmarks" */ = {
			isa = XCConfigurationList;
			buildConfigurations = (
				044089A629F8EC1B0030B339 /* Debug */,
				044089A729F8EC1B0030B339 /* Release */,
			);
			defaultConfigurationIsVisible = 0;
			defaultConfigurationName = Release;
		};
		04D8A00629ED68E200DB9B16 /* Build configuration list for PBXProject "Risky-0706012110052-AFL3" */ = {
			isa = XCConfigurationList;
			buildConfigurations = (
				04D8A01729ED68E300DB9B16 /* Debug */,
				04D8A01829ED68E300DB9B16 /* Release */,
			);
			defaultConfigurationIsVisible = 0;
			defaultConfigurationName = Release;
		};
		04D8A01929ED68E300DB9B16 /* Build configuration list for PBXNativeTarget "Risky-0706012110052-AFL3" */ = {
			isa = XCConfigurationList;
			buildConfigurations = (
				04D8A01A29ED68E300DB9B16 /* Debug */,
				04D8A01B29ED68E300DB9B16 /* Release */,
			);
			defaultConfigurationIsVisible = 0;
			defaultConfigurationName = Release;
		};
/* End XCConfigurationList section */
	};
	rootObject = 04D8A00329ED68E200DB9B16 /* Project object */;
}
